
Microsoft Visual Studio Solution File, Format Version 12.00
# Visual Studio Version 17
VisualStudioVersion = 17.4.33205.214
MinimumVisualStudioVersion = 10.0.40219.1
Project("{FAE04EC0-301F-11D3-BF4B-00C04F79EFBC}") = "GenericFunctions", "GenericFunctions\GenericFunctions.csproj", "{D55D88DC-9E64-4C78-A526-7DDAA373F5BC}"
EndProject
Global
	GlobalSection(SolutionConfigurationPlatforms) = preSolution
		Debug|Any CPU = Debug|Any CPU
		Release|Any CPU = Release|Any CPU
	EndGlobalSection
	GlobalSection(ProjectConfigurationPlatforms) = postSolution
		{D55D88DC-9E64-4C78-A526-7DDAA373F5BC}.Debug|Any CPU.ActiveCfg = Debug|Any CPU
		{D55D88DC-9E64-4C78-A526-7DDAA373F5BC}.Debug|Any CPU.Build.0 = Debug|Any CPU
		{D55D88DC-9E64-4C78-A526-7DDAA373F5BC}.Release|Any CPU.ActiveCfg = Release|Any CPU
		{D55D88DC-9E64-4C78-A526-7DDAA373F5BC}.Release|Any CPU.Build.0 = Release|Any CPU
	EndGlobalSection
	GlobalSection(SolutionProperties) = preSolution
		HideSolutionNode = FALSE
	EndGlobalSection
	GlobalSection(ExtensibilityGlobals) = postSolution
		SolutionGuid = {10C2DF04-F3E1-44A1-A2D0-9ADFCEEF453C}
	EndGlobalSection
EndGlobal
